
Microsoft Visual Studio Solution File, Format Version 12.00
# Visual Studio Version 17
VisualStudioVersion = 17.6.33829.357
MinimumVisualStudioVersion = 10.0.40219.1
Project("{9A19103F-16F7-4668-BE54-9A1E7A4F7556}") = "Lab1", "Lab1\Lab1.csproj", "{75A863F7-703C-406C-923B-DD9205E17A54}"
EndProject
Project("{9A19103F-16F7-4668-BE54-9A1E7A4F7556}") = "Lab1A", "Lab1A\Lab1A.csproj", "{79C81982-B311-496F-ABA2-4753D7178729}"
EndProject
Project("{9A19103F-16F7-4668-BE54-9A1E7A4F7556}") = "Lab1B", "Lab1B\Lab1B.csproj", "{35EA5838-9638-4773-8316-4890A7924AFD}"
EndProject
Project("{9A19103F-16F7-4668-BE54-9A1E7A4F7556}") = "Lab2", "Lab2\Lab2.csproj", "{9FF41C3C-18EB-4BB0-9C47-C4F4E41F02F5}"
EndProject
Project("{9A19103F-16F7-4668-BE54-9A1E7A4F7556}") = "Lab2A", "Lab2A\Lab2A.csproj", "{75681F52-A704-40D1-85E0-7A23CA67FFDC}"
EndProject
Project("{9A19103F-16F7-4668-BE54-9A1E7A4F7556}") = "Lab2B", "Lab2B\Lab2B.csproj", "{6AB66571-9769-4278-8F7D-838AFED1F754}"
EndProject
Project("{9A19103F-16F7-4668-BE54-9A1E7A4F7556}") = "Lab2C", "Lab2C\Lab2C.csproj", "{D4A535BF-C2AC-4EF8-912E-CEA933F71871}"
EndProject
Project("{9A19103F-16F7-4668-BE54-9A1E7A4F7556}") = "Lab2D", "Lab2D\Lab2D.csproj", "{9B43A3DF-D73E-4E0B-BD0F-F3CEBE6149B5}"
EndProject
Project("{9A19103F-16F7-4668-BE54-9A1E7A4F7556}") = "Lab2E", "Lab2E\Lab2E.csproj", "{9185274E-D9E2-454E-9256-BCAEC0D06E0A}"
EndProject
Project("{9A19103F-16F7-4668-BE54-9A1E7A4F7556}") = "Lab2F", "Lab2F\Lab2F.csproj", "{E429B8A7-6F3C-417A-BB0E-64784AF72C34}"
EndProject
Project("{9A19103F-16F7-4668-BE54-9A1E7A4F7556}") = "Lab2G", "Lab2G\Lab2G.csproj", "{44C94DD8-1036-42E2-88AA-9348895686C2}"
EndProject
Project("{9A19103F-16F7-4668-BE54-9A1E7A4F7556}") = "Lab2H", "Lab2H\Lab2H.csproj", "{33AA3A9C-6D82-4612-93F8-306193254FAA}"
EndProject
Project("{9A19103F-16F7-4668-BE54-9A1E7A4F7556}") = "Lab2I", "Lab2I\Lab2I.csproj", "{B37A17D2-F955-41BD-B5A4-3CDB9C42B215}"
EndProject
Project("{9A19103F-16F7-4668-BE54-9A1E7A4F7556}") = "Lab2J", "Lab2J\Lab2J.csproj", "{2F1B323A-C523-4BE0-95C9-F9A036FBFCF3}"
EndProject
Project("{9A19103F-16F7-4668-BE54-9A1E7A4F7556}") = "Lab3", "Lab3\Lab3.csproj", "{81CAEF68-9909-49BF-B7EE-057A51E0CF81}"
EndProject
Project("{9A19103F-16F7-4668-BE54-9A1E7A4F7556}") = "Lab3A", "Lab3A\Lab3A.csproj", "{9266AC0C-F8E0-4C52-8088-D06A2A8184C5}"
EndProject
Project("{9A19103F-16F7-4668-BE54-9A1E7A4F7556}") = "Lab3B", "Lab3B\Lab3B.csproj", "{FE9232C8-BBBD-4C7A-A47F-8C370900B212}"
EndProject
Project("{9A19103F-16F7-4668-BE54-9A1E7A4F7556}") = "Lab3C", "Lab3C\Lab3C.csproj", "{93319BD9-027C-4A1D-ACD7-1233733296CE}"
EndProject
Project("{9A19103F-16F7-4668-BE54-9A1E7A4F7556}") = "Lab3D", "Lab3D\Lab3D.csproj", "{1821DA18-6304-4DE9-9A6D-2004A92FAF6A}"
EndProject
Project("{9A19103F-16F7-4668-BE54-9A1E7A4F7556}") = "Lab3E", "Lab3E\Lab3E.csproj", "{01116788-9867-4A44-A4D1-16DB0AC3E396}"
EndProject
Project("{9A19103F-16F7-4668-BE54-9A1E7A4F7556}") = "Lab3F", "Lab3F\Lab3F.csproj", "{45A0EBC9-F412-49C9-9A1E-F87DDE0A4BBC}"
EndProject
Project("{9A19103F-16F7-4668-BE54-9A1E7A4F7556}") = "Lab3G", "Lab3G\Lab3G.csproj", "{3B3B8CBC-B5E1-4B6D-A948-F0BD61CD4811}"
EndProject
Project("{9A19103F-16F7-4668-BE54-9A1E7A4F7556}") = "Lab4", "Lab4\Lab4.csproj", "{B5DC707F-9EE8-4B21-B03D-CF2915EB422E}"
EndProject
Project("{9A19103F-16F7-4668-BE54-9A1E7A4F7556}") = "Lab4A", "Lab4A\Lab4A.csproj", "{3204FC1D-1F20-4208-877F-FB85EB83CD1E}"
EndProject
Project("{9A19103F-16F7-4668-BE54-9A1E7A4F7556}") = "Lab4B", "Lab4B\Lab4B.csproj", "{B197CE96-D7D5-44B0-ABB0-FDA1C2F7FEFF}"
EndProject
Project("{9A19103F-16F7-4668-BE54-9A1E7A4F7556}") = "Lab4C", "Lab4C\Lab4C.csproj", "{6890C8C6-508A-42C1-A9C8-DA305A74FEF8}"
EndProject
Project("{9A19103F-16F7-4668-BE54-9A1E7A4F7556}") = "Lab4D", "Lab4D\Lab4D.csproj", "{90859AAB-8DD7-4B7E-A952-F626019FFFB5}"
EndProject
Project("{9A19103F-16F7-4668-BE54-9A1E7A4F7556}") = "Lab4E", "Lab4E\Lab4E.csproj", "{B9D17D39-F602-47BC-B661-EEEBA31A84F6}"
EndProject
Project("{9A19103F-16F7-4668-BE54-9A1E7A4F7556}") = "Lab4F", "Lab4F\Lab4F.csproj", "{822E55A0-D15E-4FF0-BE2B-C26EBF3953EF}"
EndProject
Project("{9A19103F-16F7-4668-BE54-9A1E7A4F7556}") = "Lab4G", "Lab4G\Lab4G.csproj", "{700B0D0F-6A48-4191-B4AA-1333664C80AF}"
EndProject
Project("{9A19103F-16F7-4668-BE54-9A1E7A4F7556}") = "Lab5", "Lab5\Lab5.csproj", "{2A7B798F-4DE2-4B9C-AF2F-B3D9E2663BB7}"
EndProject
Project("{9A19103F-16F7-4668-BE54-9A1E7A4F7556}") = "Lab5A", "Lab5A\Lab5A.csproj", "{CD57FEAE-D7BD-406E-8473-BB6FC88EE0FC}"
EndProject
Project("{9A19103F-16F7-4668-BE54-9A1E7A4F7556}") = "Lab5B", "Lab5B\Lab5B.csproj", "{6C7D8C8E-E5A8-4F51-B99E-324AB2B88AE8}"
EndProject
Project("{9A19103F-16F7-4668-BE54-9A1E7A4F7556}") = "Lab5C", "Lab5C\Lab5C.csproj", "{F36AC632-58CE-484E-896D-FA123559A231}"
EndProject
Project("{9A19103F-16F7-4668-BE54-9A1E7A4F7556}") = "Lab5D", "Lab5D\Lab5D.csproj", "{D81B2FED-AB98-4E6B-8AA0-9FC892C6D8C8}"
EndProject
Project("{9A19103F-16F7-4668-BE54-9A1E7A4F7556}") = "Lab5E", "Lab5E\Lab5E.csproj", "{9B0B3BDE-43C6-412E-A533-04CFE82E6B73}"
EndProject
Project("{9A19103F-16F7-4668-BE54-9A1E7A4F7556}") = "Lab5F", "Lab5F\Lab5F.csproj", "{A8600C8D-0725-4536-855B-90E9A1C2F6D5}"
EndProject
Project("{9A19103F-16F7-4668-BE54-9A1E7A4F7556}") = "Lab5G", "Lab5G\Lab5G.csproj", "{CE78EBEA-CE8B-4A58-AA7B-8CDE48218337}"
EndProject
Project("{FAE04EC0-301F-11D3-BF4B-00C04F79EFBC}") = "Lab6", "Lab6\Lab6.csproj", "{F8B9D969-6AC1-4AE5-85A6-C460AD50ECCB}"
EndProject
Project("{FAE04EC0-301F-11D3-BF4B-00C04F79EFBC}") = "Lab6A", "Lab6A\Lab6A.csproj", "{5AFF8A63-E2FF-468F-BC70-91998B3DF402}"
EndProject
Global
	GlobalSection(SolutionConfigurationPlatforms) = preSolution
		Debug|Any CPU = Debug|Any CPU
		Release|Any CPU = Release|Any CPU
	EndGlobalSection
	GlobalSection(ProjectConfigurationPlatforms) = postSolution
		{75A863F7-703C-406C-923B-DD9205E17A54}.Debug|Any CPU.ActiveCfg = Debug|Any CPU
		{75A863F7-703C-406C-923B-DD9205E17A54}.Debug|Any CPU.Build.0 = Debug|Any CPU
		{75A863F7-703C-406C-923B-DD9205E17A54}.Release|Any CPU.ActiveCfg = Release|Any CPU
		{75A863F7-703C-406C-923B-DD9205E17A54}.Release|Any CPU.Build.0 = Release|Any CPU
		{79C81982-B311-496F-ABA2-4753D7178729}.Debug|Any CPU.ActiveCfg = Debug|Any CPU
		{79C81982-B311-496F-ABA2-4753D7178729}.Debug|Any CPU.Build.0 = Debug|Any CPU
		{79C81982-B311-496F-ABA2-4753D7178729}.Release|Any CPU.ActiveCfg = Release|Any CPU
		{79C81982-B311-496F-ABA2-4753D7178729}.Release|Any CPU.Build.0 = Release|Any CPU
		{35EA5838-9638-4773-8316-4890A7924AFD}.Debug|Any CPU.ActiveCfg = Debug|Any CPU
		{35EA5838-9638-4773-8316-4890A7924AFD}.Debug|Any CPU.Build.0 = Debug|Any CPU
		{35EA5838-9638-4773-8316-4890A7924AFD}.Release|Any CPU.ActiveCfg = Release|Any CPU
		{35EA5838-9638-4773-8316-4890A7924AFD}.Release|Any CPU.Build.0 = Release|Any CPU
		{9FF41C3C-18EB-4BB0-9C47-C4F4E41F02F5}.Debug|Any CPU.ActiveCfg = Debug|Any CPU
		{9FF41C3C-18EB-4BB0-9C47-C4F4E41F02F5}.Debug|Any CPU.Build.0 = Debug|Any CPU
		{9FF41C3C-18EB-4BB0-9C47-C4F4E41F02F5}.Release|Any CPU.ActiveCfg = Release|Any CPU
		{9FF41C3C-18EB-4BB0-9C47-C4F4E41F02F5}.Release|Any CPU.Build.0 = Release|Any CPU
		{75681F52-A704-40D1-85E0-7A23CA67FFDC}.Debug|Any CPU.ActiveCfg = Debug|Any CPU
		{75681F52-A704-40D1-85E0-7A23CA67FFDC}.Debug|Any CPU.Build.0 = Debug|Any CPU
		{75681F52-A704-40D1-85E0-7A23CA67FFDC}.Release|Any CPU.ActiveCfg = Release|Any CPU
		{75681F52-A704-40D1-85E0-7A23CA67FFDC}.Release|Any CPU.Build.0 = Release|Any CPU
		{6AB66571-9769-4278-8F7D-838AFED1F754}.Debug|Any CPU.ActiveCfg = Debug|Any CPU
		{6AB66571-9769-4278-8F7D-838AFED1F754}.Debug|Any CPU.Build.0 = Debug|Any CPU
		{6AB66571-9769-4278-8F7D-838AFED1F754}.Release|Any CPU.ActiveCfg = Release|Any CPU
		{6AB66571-9769-4278-8F7D-838AFED1F754}.Release|Any CPU.Build.0 = Release|Any CPU
		{D4A535BF-C2AC-4EF8-912E-CEA933F71871}.Debug|Any CPU.ActiveCfg = Debug|Any CPU
		{D4A535BF-C2AC-4EF8-912E-CEA933F71871}.Debug|Any CPU.Build.0 = Debug|Any CPU
		{D4A535BF-C2AC-4EF8-912E-CEA933F71871}.Release|Any CPU.ActiveCfg = Release|Any CPU
		{D4A535BF-C2AC-4EF8-912E-CEA933F71871}.Release|Any CPU.Build.0 = Release|Any CPU
		{9B43A3DF-D73E-4E0B-BD0F-F3CEBE6149B5}.Debug|Any CPU.ActiveCfg = Debug|Any CPU
		{9B43A3DF-D73E-4E0B-BD0F-F3CEBE6149B5}.Debug|Any CPU.Build.0 = Debug|Any CPU
		{9B43A3DF-D73E-4E0B-BD0F-F3CEBE6149B5}.Release|Any CPU.ActiveCfg = Release|Any CPU
		{9B43A3DF-D73E-4E0B-BD0F-F3CEBE6149B5}.Release|Any CPU.Build.0 = Release|Any CPU
		{9185274E-D9E2-454E-9256-BCAEC0D06E0A}.Debug|Any CPU.ActiveCfg = Debug|Any CPU
		{9185274E-D9E2-454E-9256-BCAEC0D06E0A}.Debug|Any CPU.Build.0 = Debug|Any CPU
		{9185274E-D9E2-454E-9256-BCAEC0D06E0A}.Release|Any CPU.ActiveCfg = Release|Any CPU
		{9185274E-D9E2-454E-9256-BCAEC0D06E0A}.Release|Any CPU.Build.0 = Release|Any CPU
		{E429B8A7-6F3C-417A-BB0E-64784AF72C34}.Debug|Any CPU.ActiveCfg = Debug|Any CPU
		{E429B8A7-6F3C-417A-BB0E-64784AF72C34}.Debug|Any CPU.Build.0 = Debug|Any CPU
		{E429B8A7-6F3C-417A-BB0E-64784AF72C34}.Release|Any CPU.ActiveCfg = Release|Any CPU
		{E429B8A7-6F3C-417A-BB0E-64784AF72C34}.Release|Any CPU.Build.0 = Release|Any CPU
		{44C94DD8-1036-42E2-88AA-9348895686C2}.Debug|Any CPU.ActiveCfg = Debug|Any CPU
		{44C94DD8-1036-42E2-88AA-9348895686C2}.Debug|Any CPU.Build.0 = Debug|Any CPU
		{44C94DD8-1036-42E2-88AA-9348895686C2}.Release|Any CPU.ActiveCfg = Release|Any CPU
		{44C94DD8-1036-42E2-88AA-9348895686C2}.Release|Any CPU.Build.0 = Release|Any CPU
		{33AA3A9C-6D82-4612-93F8-306193254FAA}.Debug|Any CPU.ActiveCfg = Debug|Any CPU
		{33AA3A9C-6D82-4612-93F8-306193254FAA}.Debug|Any CPU.Build.0 = Debug|Any CPU
		{33AA3A9C-6D82-4612-93F8-306193254FAA}.Release|Any CPU.ActiveCfg = Release|Any CPU
		{33AA3A9C-6D82-4612-93F8-306193254FAA}.Release|Any CPU.Build.0 = Release|Any CPU
		{B37A17D2-F955-41BD-B5A4-3CDB9C42B215}.Debug|Any CPU.ActiveCfg = Debug|Any CPU
		{B37A17D2-F955-41BD-B5A4-3CDB9C42B215}.Debug|Any CPU.Build.0 = Debug|Any CPU
		{B37A17D2-F955-41BD-B5A4-3CDB9C42B215}.Release|Any CPU.ActiveCfg = Release|Any CPU
		{B37A17D2-F955-41BD-B5A4-3CDB9C42B215}.Release|Any CPU.Build.0 = Release|Any CPU
		{2F1B323A-C523-4BE0-95C9-F9A036FBFCF3}.Debug|Any CPU.ActiveCfg = Debug|Any CPU
		{2F1B323A-C523-4BE0-95C9-F9A036FBFCF3}.Debug|Any CPU.Build.0 = Debug|Any CPU
		{2F1B323A-C523-4BE0-95C9-F9A036FBFCF3}.Release|Any CPU.ActiveCfg = Release|Any CPU
		{2F1B323A-C523-4BE0-95C9-F9A036FBFCF3}.Release|Any CPU.Build.0 = Release|Any CPU
		{81CAEF68-9909-49BF-B7EE-057A51E0CF81}.Debug|Any CPU.ActiveCfg = Debug|Any CPU
		{81CAEF68-9909-49BF-B7EE-057A51E0CF81}.Debug|Any CPU.Build.0 = Debug|Any CPU
		{81CAEF68-9909-49BF-B7EE-057A51E0CF81}.Release|Any CPU.ActiveCfg = Release|Any CPU
		{81CAEF68-9909-49BF-B7EE-057A51E0CF81}.Release|Any CPU.Build.0 = Release|Any CPU
		{9266AC0C-F8E0-4C52-8088-D06A2A8184C5}.Debug|Any CPU.ActiveCfg = Debug|Any CPU
		{9266AC0C-F8E0-4C52-8088-D06A2A8184C5}.Debug|Any CPU.Build.0 = Debug|Any CPU
		{9266AC0C-F8E0-4C52-8088-D06A2A8184C5}.Release|Any CPU.ActiveCfg = Release|Any CPU
		{9266AC0C-F8E0-4C52-8088-D06A2A8184C5}.Release|Any CPU.Build.0 = Release|Any CPU
		{FE9232C8-BBBD-4C7A-A47F-8C370900B212}.Debug|Any CPU.ActiveCfg = Debug|Any CPU
		{FE9232C8-BBBD-4C7A-A47F-8C370900B212}.Debug|Any CPU.Build.0 = Debug|Any CPU
		{FE9232C8-BBBD-4C7A-A47F-8C370900B212}.Release|Any CPU.ActiveCfg = Release|Any CPU
		{FE9232C8-BBBD-4C7A-A47F-8C370900B212}.Release|Any CPU.Build.0 = Release|Any CPU
		{93319BD9-027C-4A1D-ACD7-1233733296CE}.Debug|Any CPU.ActiveCfg = Debug|Any CPU
		{93319BD9-027C-4A1D-ACD7-1233733296CE}.Debug|Any CPU.Build.0 = Debug|Any CPU
		{93319BD9-027C-4A1D-ACD7-1233733296CE}.Release|Any CPU.ActiveCfg = Release|Any CPU
		{93319BD9-027C-4A1D-ACD7-1233733296CE}.Release|Any CPU.Build.0 = Release|Any CPU
		{1821DA18-6304-4DE9-9A6D-2004A92FAF6A}.Debug|Any CPU.ActiveCfg = Debug|Any CPU
		{1821DA18-6304-4DE9-9A6D-2004A92FAF6A}.Debug|Any CPU.Build.0 = Debug|Any CPU
		{1821DA18-6304-4DE9-9A6D-2004A92FAF6A}.Release|Any CPU.ActiveCfg = Release|Any CPU
		{1821DA18-6304-4DE9-9A6D-2004A92FAF6A}.Release|Any CPU.Build.0 = Release|Any CPU
		{01116788-9867-4A44-A4D1-16DB0AC3E396}.Debug|Any CPU.ActiveCfg = Debug|Any CPU
		{01116788-9867-4A44-A4D1-16DB0AC3E396}.Debug|Any CPU.Build.0 = Debug|Any CPU
		{01116788-9867-4A44-A4D1-16DB0AC3E396}.Release|Any CPU.ActiveCfg = Release|Any CPU
		{01116788-9867-4A44-A4D1-16DB0AC3E396}.Release|Any CPU.Build.0 = Release|Any CPU
		{45A0EBC9-F412-49C9-9A1E-F87DDE0A4BBC}.Debug|Any CPU.ActiveCfg = Debug|Any CPU
		{45A0EBC9-F412-49C9-9A1E-F87DDE0A4BBC}.Debug|Any CPU.Build.0 = Debug|Any CPU
		{45A0EBC9-F412-49C9-9A1E-F87DDE0A4BBC}.Release|Any CPU.ActiveCfg = Release|Any CPU
		{45A0EBC9-F412-49C9-9A1E-F87DDE0A4BBC}.Release|Any CPU.Build.0 = Release|Any CPU
		{3B3B8CBC-B5E1-4B6D-A948-F0BD61CD4811}.Debug|Any CPU.ActiveCfg = Debug|Any CPU
		{3B3B8CBC-B5E1-4B6D-A948-F0BD61CD4811}.Debug|Any CPU.Build.0 = Debug|Any CPU
		{3B3B8CBC-B5E1-4B6D-A948-F0BD61CD4811}.Release|Any CPU.ActiveCfg = Release|Any CPU
		{3B3B8CBC-B5E1-4B6D-A948-F0BD61CD4811}.Release|Any CPU.Build.0 = Release|Any CPU
		{B5DC707F-9EE8-4B21-B03D-CF2915EB422E}.Debug|Any CPU.ActiveCfg = Debug|Any CPU
		{B5DC707F-9EE8-4B21-B03D-CF2915EB422E}.Debug|Any CPU.Build.0 = Debug|Any CPU
		{B5DC707F-9EE8-4B21-B03D-CF2915EB422E}.Release|Any CPU.ActiveCfg = Release|Any CPU
		{B5DC707F-9EE8-4B21-B03D-CF2915EB422E}.Release|Any CPU.Build.0 = Release|Any CPU
		{3204FC1D-1F20-4208-877F-FB85EB83CD1E}.Debug|Any CPU.ActiveCfg = Debug|Any CPU
		{3204FC1D-1F20-4208-877F-FB85EB83CD1E}.Debug|Any CPU.Build.0 = Debug|Any CPU
		{3204FC1D-1F20-4208-877F-FB85EB83CD1E}.Release|Any CPU.ActiveCfg = Release|Any CPU
		{3204FC1D-1F20-4208-877F-FB85EB83CD1E}.Release|Any CPU.Build.0 = Release|Any CPU
		{B197CE96-D7D5-44B0-ABB0-FDA1C2F7FEFF}.Debug|Any CPU.ActiveCfg = Debug|Any CPU
		{B197CE96-D7D5-44B0-ABB0-FDA1C2F7FEFF}.Debug|Any CPU.Build.0 = Debug|Any CPU
		{B197CE96-D7D5-44B0-ABB0-FDA1C2F7FEFF}.Release|Any CPU.ActiveCfg = Release|Any CPU
		{B197CE96-D7D5-44B0-ABB0-FDA1C2F7FEFF}.Release|Any CPU.Build.0 = Release|Any CPU
		{6890C8C6-508A-42C1-A9C8-DA305A74FEF8}.Debug|Any CPU.ActiveCfg = Debug|Any CPU
		{6890C8C6-508A-42C1-A9C8-DA305A74FEF8}.Debug|Any CPU.Build.0 = Debug|Any CPU
		{6890C8C6-508A-42C1-A9C8-DA305A74FEF8}.Release|Any CPU.ActiveCfg = Release|Any CPU
		{6890C8C6-508A-42C1-A9C8-DA305A74FEF8}.Release|Any CPU.Build.0 = Release|Any CPU
		{90859AAB-8DD7-4B7E-A952-F626019FFFB5}.Debug|Any CPU.ActiveCfg = Debug|Any CPU
		{90859AAB-8DD7-4B7E-A952-F626019FFFB5}.Debug|Any CPU.Build.0 = Debug|Any CPU
		{90859AAB-8DD7-4B7E-A952-F626019FFFB5}.Release|Any CPU.ActiveCfg = Release|Any CPU
		{90859AAB-8DD7-4B7E-A952-F626019FFFB5}.Release|Any CPU.Build.0 = Release|Any CPU
		{B9D17D39-F602-47BC-B661-EEEBA31A84F6}.Debug|Any CPU.ActiveCfg = Debug|Any CPU
		{B9D17D39-F602-47BC-B661-EEEBA31A84F6}.Debug|Any CPU.Build.0 = Debug|Any CPU
		{B9D17D39-F602-47BC-B661-EEEBA31A84F6}.Release|Any CPU.ActiveCfg = Release|Any CPU
		{B9D17D39-F602-47BC-B661-EEEBA31A84F6}.Release|Any CPU.Build.0 = Release|Any CPU
		{822E55A0-D15E-4FF0-BE2B-C26EBF3953EF}.Debug|Any CPU.ActiveCfg = Debug|Any CPU
		{822E55A0-D15E-4FF0-BE2B-C26EBF3953EF}.Debug|Any CPU.Build.0 = Debug|Any CPU
		{822E55A0-D15E-4FF0-BE2B-C26EBF3953EF}.Release|Any CPU.ActiveCfg = Release|Any CPU
		{822E55A0-D15E-4FF0-BE2B-C26EBF3953EF}.Release|Any CPU.Build.0 = Release|Any CPU
		{700B0D0F-6A48-4191-B4AA-1333664C80AF}.Debug|Any CPU.ActiveCfg = Debug|Any CPU
		{700B0D0F-6A48-4191-B4AA-1333664C80AF}.Debug|Any CPU.Build.0 = Debug|Any CPU
		{700B0D0F-6A48-4191-B4AA-1333664C80AF}.Release|Any CPU.ActiveCfg = Release|Any CPU
		{700B0D0F-6A48-4191-B4AA-1333664C80AF}.Release|Any CPU.Build.0 = Release|Any CPU
		{2A7B798F-4DE2-4B9C-AF2F-B3D9E2663BB7}.Debug|Any CPU.ActiveCfg = Debug|Any CPU
		{2A7B798F-4DE2-4B9C-AF2F-B3D9E2663BB7}.Debug|Any CPU.Build.0 = Debug|Any CPU
		{2A7B798F-4DE2-4B9C-AF2F-B3D9E2663BB7}.Release|Any CPU.ActiveCfg = Release|Any CPU
		{2A7B798F-4DE2-4B9C-AF2F-B3D9E2663BB7}.Release|Any CPU.Build.0 = Release|Any CPU
		{CD57FEAE-D7BD-406E-8473-BB6FC88EE0FC}.Debug|Any CPU.ActiveCfg = Debug|Any CPU
		{CD57FEAE-D7BD-406E-8473-BB6FC88EE0FC}.Debug|Any CPU.Build.0 = Debug|Any CPU
		{CD57FEAE-D7BD-406E-8473-BB6FC88EE0FC}.Release|Any CPU.ActiveCfg = Release|Any CPU
		{CD57FEAE-D7BD-406E-8473-BB6FC88EE0FC}.Release|Any CPU.Build.0 = Release|Any CPU
		{6C7D8C8E-E5A8-4F51-B99E-324AB2B88AE8}.Debug|Any CPU.ActiveCfg = Debug|Any CPU
		{6C7D8C8E-E5A8-4F51-B99E-324AB2B88AE8}.Debug|Any CPU.Build.0 = Debug|Any CPU
		{6C7D8C8E-E5A8-4F51-B99E-324AB2B88AE8}.Release|Any CPU.ActiveCfg = Release|Any CPU
		{6C7D8C8E-E5A8-4F51-B99E-324AB2B88AE8}.Release|Any CPU.Build.0 = Release|Any CPU
		{F36AC632-58CE-484E-896D-FA123559A231}.Debug|Any CPU.ActiveCfg = Debug|Any CPU
		{F36AC632-58CE-484E-896D-FA123559A231}.Debug|Any CPU.Build.0 = Debug|Any CPU
		{F36AC632-58CE-484E-896D-FA123559A231}.Release|Any CPU.ActiveCfg = Release|Any CPU
		{F36AC632-58CE-484E-896D-FA123559A231}.Release|Any CPU.Build.0 = Release|Any CPU
		{D81B2FED-AB98-4E6B-8AA0-9FC892C6D8C8}.Debug|Any CPU.ActiveCfg = Debug|Any CPU
		{D81B2FED-AB98-4E6B-8AA0-9FC892C6D8C8}.Debug|Any CPU.Build.0 = Debug|Any CPU
		{D81B2FED-AB98-4E6B-8AA0-9FC892C6D8C8}.Release|Any CPU.ActiveCfg = Release|Any CPU
		{D81B2FED-AB98-4E6B-8AA0-9FC892C6D8C8}.Release|Any CPU.Build.0 = Release|Any CPU
		{9B0B3BDE-43C6-412E-A533-04CFE82E6B73}.Debug|Any CPU.ActiveCfg = Debug|Any CPU
		{9B0B3BDE-43C6-412E-A533-04CFE82E6B73}.Debug|Any CPU.Build.0 = Debug|Any CPU
		{9B0B3BDE-43C6-412E-A533-04CFE82E6B73}.Release|Any CPU.ActiveCfg = Release|Any CPU
		{9B0B3BDE-43C6-412E-A533-04CFE82E6B73}.Release|Any CPU.Build.0 = Release|Any CPU
		{A8600C8D-0725-4536-855B-90E9A1C2F6D5}.Debug|Any CPU.ActiveCfg = Debug|Any CPU
		{A8600C8D-0725-4536-855B-90E9A1C2F6D5}.Debug|Any CPU.Build.0 = Debug|Any CPU
		{A8600C8D-0725-4536-855B-90E9A1C2F6D5}.Release|Any CPU.ActiveCfg = Release|Any CPU
		{A8600C8D-0725-4536-855B-90E9A1C2F6D5}.Release|Any CPU.Build.0 = Release|Any CPU
		{CE78EBEA-CE8B-4A58-AA7B-8CDE48218337}.Debug|Any CPU.ActiveCfg = Debug|Any CPU
		{CE78EBEA-CE8B-4A58-AA7B-8CDE48218337}.Debug|Any CPU.Build.0 = Debug|Any CPU
		{CE78EBEA-CE8B-4A58-AA7B-8CDE48218337}.Release|Any CPU.ActiveCfg = Release|Any CPU
		{CE78EBEA-CE8B-4A58-AA7B-8CDE48218337}.Release|Any CPU.Build.0 = Release|Any CPU
		{F8B9D969-6AC1-4AE5-85A6-C460AD50ECCB}.Debug|Any CPU.ActiveCfg = Debug|Any CPU
		{F8B9D969-6AC1-4AE5-85A6-C460AD50ECCB}.Debug|Any CPU.Build.0 = Debug|Any CPU
		{F8B9D969-6AC1-4AE5-85A6-C460AD50ECCB}.Release|Any CPU.ActiveCfg = Release|Any CPU
		{F8B9D969-6AC1-4AE5-85A6-C460AD50ECCB}.Release|Any CPU.Build.0 = Release|Any CPU
		{5AFF8A63-E2FF-468F-BC70-91998B3DF402}.Debug|Any CPU.ActiveCfg = Debug|Any CPU
		{5AFF8A63-E2FF-468F-BC70-91998B3DF402}.Debug|Any CPU.Build.0 = Debug|Any CPU
		{5AFF8A63-E2FF-468F-BC70-91998B3DF402}.Release|Any CPU.ActiveCfg = Release|Any CPU
		{5AFF8A63-E2FF-468F-BC70-91998B3DF402}.Release|Any CPU.Build.0 = Release|Any CPU
	EndGlobalSection
	GlobalSection(SolutionProperties) = preSolution
		HideSolutionNode = FALSE
	EndGlobalSection
	GlobalSection(ExtensibilityGlobals) = postSolution
		SolutionGuid = {5C2F79DA-A24B-49E7-B0FB-FDD490BF3ECB}
	EndGlobalSection
EndGlobal
