
Microsoft Visual Studio Solution File, Format Version 12.00
# Visual Studio Version 17
VisualStudioVersion = 17.6.33829.357
MinimumVisualStudioVersion = 10.0.40219.1
Project("{9A19103F-16F7-4668-BE54-9A1E7A4F7556}") = "Lab1", "Lab1\Lab1.csproj", "{75A863F7-703C-406C-923B-DD9205E17A54}"
EndProject
Project("{9A19103F-16F7-4668-BE54-9A1E7A4F7556}") = "Lab1A", "Lab1A\Lab1A.csproj", "{79C81982-B311-496F-ABA2-4753D7178729}"
EndProject
Project("{9A19103F-16F7-4668-BE54-9A1E7A4F7556}") = "Lab1B", "Lab1B\Lab1B.csproj", "{35EA5838-9638-4773-8316-4890A7924AFD}"
EndProject
Project("{9A19103F-16F7-4668-BE54-9A1E7A4F7556}") = "Lab2", "Lab2\Lab2.csproj", "{9FF41C3C-18EB-4BB0-9C47-C4F4E41F02F5}"
EndProject
Project("{9A19103F-16F7-4668-BE54-9A1E7A4F7556}") = "Lab2A", "Lab2A\Lab2A.csproj", "{75681F52-A704-40D1-85E0-7A23CA67FFDC}"
EndProject
Project("{9A19103F-16F7-4668-BE54-9A1E7A4F7556}") = "Lab2B", "Lab2B\Lab2B.csproj", "{6AB66571-9769-4278-8F7D-838AFED1F754}"
EndProject
Project("{9A19103F-16F7-4668-BE54-9A1E7A4F7556}") = "Lab2C", "Lab2C\Lab2C.csproj", "{D4A535BF-C2AC-4EF8-912E-CEA933F71871}"
EndProject
Project("{9A19103F-16F7-4668-BE54-9A1E7A4F7556}") = "Lab2D", "Lab2D\Lab2D.csproj", "{9B43A3DF-D73E-4E0B-BD0F-F3CEBE6149B5}"
EndProject
Project("{9A19103F-16F7-4668-BE54-9A1E7A4F7556}") = "Lab2E", "Lab2E\Lab2E.csproj", "{9185274E-D9E2-454E-9256-BCAEC0D06E0A}"
EndProject
Project("{9A19103F-16F7-4668-BE54-9A1E7A4F7556}") = "Lab2F", "Lab2F\Lab2F.csproj", "{E429B8A7-6F3C-417A-BB0E-64784AF72C34}"
EndProject
Project("{9A19103F-16F7-4668-BE54-9A1E7A4F7556}") = "Lab2G", "Lab2G\Lab2G.csproj", "{44C94DD8-1036-42E2-88AA-9348895686C2}"
EndProject
Project("{9A19103F-16F7-4668-BE54-9A1E7A4F7556}") = "Lab2H", "Lab2H\Lab2H.csproj", "{33AA3A9C-6D82-4612-93F8-306193254FAA}"
EndProject
Project("{9A19103F-16F7-4668-BE54-9A1E7A4F7556}") = "Lab2I", "Lab2I\Lab2I.csproj", "{B37A17D2-F955-41BD-B5A4-3CDB9C42B215}"
EndProject
Project("{9A19103F-16F7-4668-BE54-9A1E7A4F7556}") = "Lab2J", "Lab2J\Lab2J.csproj", "{2F1B323A-C523-4BE0-95C9-F9A036FBFCF3}"
EndProject
Project("{9A19103F-16F7-4668-BE54-9A1E7A4F7556}") = "Lab3", "Lab3\Lab3.csproj", "{81CAEF68-9909-49BF-B7EE-057A51E0CF81}"
EndProject
Project("{9A19103F-16F7-4668-BE54-9A1E7A4F7556}") = "Lab3A", "Lab3A\Lab3A.csproj", "{9266AC0C-F8E0-4C52-8088-D06A2A8184C5}"
EndProject
Project("{9A19103F-16F7-4668-BE54-9A1E7A4F7556}") = "Lab3B", "Lab3B\Lab3B.csproj", "{FE9232C8-BBBD-4C7A-A47F-8C370900B212}"
EndProject
Project("{9A19103F-16F7-4668-BE54-9A1E7A4F7556}") = "Lab3C", "Lab3C\Lab3C.csproj", "{93319BD9-027C-4A1D-ACD7-1233733296CE}"
EndProject
Project("{9A19103F-16F7-4668-BE54-9A1E7A4F7556}") = "Lab3D", "Lab3D\Lab3D.csproj", "{1821DA18-6304-4DE9-9A6D-2004A92FAF6A}"
EndProject
Project("{9A19103F-16F7-4668-BE54-9A1E7A4F7556}") = "Lab3E", "Lab3E\Lab3E.csproj", "{01116788-9867-4A44-A4D1-16DB0AC3E396}"
EndProject
Project("{9A19103F-16F7-4668-BE54-9A1E7A4F7556}") = "Lab3F", "Lab3F\Lab3F.csproj", "{45A0EBC9-F412-49C9-9A1E-F87DDE0A4BBC}"
EndProject
Project("{9A19103F-16F7-4668-BE54-9A1E7A4F7556}") = "Lab3G", "Lab3G\Lab3G.csproj", "{3B3B8CBC-B5E1-4B6D-A948-F0BD61CD4811}"
EndProject
Project("{9A19103F-16F7-4668-BE54-9A1E7A4F7556}") = "Lab4", "Lab4\Lab4.csproj", "{B5DC707F-9EE8-4B21-B03D-CF2915EB422E}"
EndProject
Project("{9A19103F-16F7-4668-BE54-9A1E7A4F7556}") = "Lab4A", "Lab4A\Lab4A.csproj", "{3204FC1D-1F20-4208-877F-FB85EB83CD1E}"
EndProject
Project("{9A19103F-16F7-4668-BE54-9A1E7A4F7556}") = "Lab4B", "Lab4B\Lab4B.csproj", "{B197CE96-D7D5-44B0-ABB0-FDA1C2F7FEFF}"
EndProject
Project("{9A19103F-16F7-4668-BE54-9A1E7A4F7556}") = "Lab4C", "Lab4C\Lab4C.csproj", "{6890C8C6-508A-42C1-A9C8-DA305A74FEF8}"
EndProject
Project("{9A19103F-16F7-4668-BE54-9A1E7A4F7556}") = "Lab4D", "Lab4D\Lab4D.csproj", "{90859AAB-8DD7-4B7E-A952-F626019FFFB5}"
EndProject
Project("{9A19103F-16F7-4668-BE54-9A1E7A4F7556}") = "Lab4E", "Lab4E\Lab4E.csproj", "{B9D17D39-F602-47BC-B661-EEEBA31A84F6}"
EndProject
Project("{9A19103F-16F7-4668-BE54-9A1E7A4F7556}") = "Lab4F", "Lab4F\Lab4F.csproj", "{822E55A0-D15E-4FF0-BE2B-C26EBF3953EF}"
EndProject
Project("{9A19103F-16F7-4668-BE54-9A1E7A4F7556}") = "Lab4G", "Lab4G\Lab4G.csproj", "{700B0D0F-6A48-4191-B4AA-1333664C80AF}"
EndProject
Project("{9A19103F-16F7-4668-BE54-9A1E7A4F7556}") = "Lab5", "Lab5\Lab5.csproj", "{2A7B798F-4DE2-4B9C-AF2F-B3D9E2663BB7}"
EndProject
Project("{9A19103F-16F7-4668-BE54-9A1E7A4F7556}") = "Lab5A", "Lab5A\Lab5A.csproj", "{CD57FEAE-D7BD-406E-8473-BB6FC88EE0FC}"
EndProject
Project("{9A19103F-16F7-4668-BE54-9A1E7A4F7556}") = "Lab5B", "Lab5B\Lab5B.csproj", "{6C7D8C8E-E5A8-4F51-B99E-324AB2B88AE8}"
EndProject
Project("{9A19103F-16F7-4668-BE54-9A1E7A4F7556}") = "Lab5C", "Lab5C\Lab5C.csproj", "{F36AC632-58CE-484E-896D-FA123559A231}"
EndProject
Project("{9A19103F-16F7-4668-BE54-9A1E7A4F7556}") = "Lab5D", "Lab5D\Lab5D.csproj", "{D81B2FED-AB98-4E6B-8AA0-9FC892C6D8C8}"
EndProject
Project("{9A19103F-16F7-4668-BE54-9A1E7A4F7556}") = "Lab5E", "Lab5E\Lab5E.csproj", "{9B0B3BDE-43C6-412E-A533-04CFE82E6B73}"
EndProject
Project("{9A19103F-16F7-4668-BE54-9A1E7A4F7556}") = "Lab5F", "Lab5F\Lab5F.csproj", "{A8600C8D-0725-4536-855B-90E9A1C2F6D5}"
EndProject
Project("{9A19103F-16F7-4668-BE54-9A1E7A4F7556}") = "Lab5G", "Lab5G\Lab5G.csproj", "{CE78EBEA-CE8B-4A58-AA7B-8CDE48218337}"
EndProject
Project("{9A19103F-16F7-4668-BE54-9A1E7A4F7556}") = "Lab6", "Lab6\Lab6.csproj", "{F8B9D969-6AC1-4AE5-85A6-C460AD50ECCB}"
EndProject
Project("{9A19103F-16F7-4668-BE54-9A1E7A4F7556}") = "Lab6A", "Lab6A\Lab6A.csproj", "{5AFF8A63-E2FF-468F-BC70-91998B3DF402}"
EndProject
Project("{9A19103F-16F7-4668-BE54-9A1E7A4F7556}") = "Lab6B", "Lab6B\Lab6B.csproj", "{E0A5BFE9-EB8B-40AE-A479-D3013F6308B5}"
EndProject
Project("{9A19103F-16F7-4668-BE54-9A1E7A4F7556}") = "Lab6C", "Lab6C\Lab6C.csproj", "{B34FBF1B-B4A2-4F36-B277-74CF370D3311}"
EndProject
Project("{9A19103F-16F7-4668-BE54-9A1E7A4F7556}") = "Lab7", "Lab7\Lab7.csproj", "{22E53740-00C9-4DD0-A9C7-31300EB23567}"
EndProject
Project("{9A19103F-16F7-4668-BE54-9A1E7A4F7556}") = "Lab7A", "Lab7A\Lab7A.csproj", "{B132F4D1-4C4D-4FDF-B4E5-9868EB5E3D07}"
EndProject
Project("{9A19103F-16F7-4668-BE54-9A1E7A4F7556}") = "Lab7B", "Lab7B\Lab7B.csproj", "{B0E734CC-8D34-4032-84B1-E86E6FE8596D}"
EndProject
Project("{9A19103F-16F7-4668-BE54-9A1E7A4F7556}") = "Lab7C", "Lab7C\Lab7C.csproj", "{0EF072E8-05DE-4793-9AA4-F4C896934530}"
EndProject
Project("{9A19103F-16F7-4668-BE54-9A1E7A4F7556}") = "Lab8", "Lab8\Lab8.csproj", "{7C12850C-8513-48BE-87D1-A6B8D7646582}"
EndProject
Project("{9A19103F-16F7-4668-BE54-9A1E7A4F7556}") = "Lab8A", "Lab8A\Lab8A.csproj", "{38253B8D-8790-4C53-80A0-551916D1507E}"
EndProject
Project("{9A19103F-16F7-4668-BE54-9A1E7A4F7556}") = "Lab8B", "Lab8B\Lab8B.csproj", "{657B2605-B6DF-4296-8AD4-592765C9E4F0}"
EndProject
Project("{9A19103F-16F7-4668-BE54-9A1E7A4F7556}") = "Lab8C", "Lab8C\Lab8C.csproj", "{3B59DD66-C9CC-45A8-B4E2-46E2B499CD68}"
EndProject
Project("{9A19103F-16F7-4668-BE54-9A1E7A4F7556}") = "Lab8D", "Lab8D\Lab8D.csproj", "{D587CFAF-8AB5-4950-87F9-345A6D9A7B24}"
EndProject
Project("{9A19103F-16F7-4668-BE54-9A1E7A4F7556}") = "Lab8E", "Lab8E\Lab8E.csproj", "{82D03666-ACFB-4293-8EDF-912670968A0C}"
EndProject
Project("{9A19103F-16F7-4668-BE54-9A1E7A4F7556}") = "Lab8F", "Lab8F\Lab8F.csproj", "{B0FB6A01-5C51-4169-80A0-7C58CD9A4CED}"
EndProject
Project("{9A19103F-16F7-4668-BE54-9A1E7A4F7556}") = "Lab8G", "Lab8G\Lab8G.csproj", "{192B50E6-9A37-4B35-90B7-55F572F5A531}"
EndProject
Project("{9A19103F-16F7-4668-BE54-9A1E7A4F7556}") = "Lab8H", "Lab8H\Lab8H.csproj", "{B3A86DA2-CDCC-4646-98AB-D686C2833617}"
EndProject
Project("{9A19103F-16F7-4668-BE54-9A1E7A4F7556}") = "Lab9", "Lab9\Lab9.csproj", "{D5EADE2F-B7B4-40C5-8B5F-C5BA198962C5}"
EndProject
Project("{9A19103F-16F7-4668-BE54-9A1E7A4F7556}") = "Lab9A", "Lab9A\Lab9A.csproj", "{6AC931F9-7210-41E7-9ECC-1A9FBB49F8C1}"
EndProject
Project("{FAE04EC0-301F-11D3-BF4B-00C04F79EFBC}") = "Lab9B", "Lab9B\Lab9B.csproj", "{1048D7F3-E29E-4B54-A1E9-3E78BEFC2CEC}"
EndProject
Project("{FAE04EC0-301F-11D3-BF4B-00C04F79EFBC}") = "Lab9C", "Lab9C\Lab9C.csproj", "{60365E90-B92B-49E0-BE53-E6D661BF40D7}"
EndProject
Project("{FAE04EC0-301F-11D3-BF4B-00C04F79EFBC}") = "Lab10", "Lab10\Lab10.csproj", "{153106E0-A0F4-49B0-86F4-076EC447625E}"
EndProject
Project("{FAE04EC0-301F-11D3-BF4B-00C04F79EFBC}") = "Manager", "Manager\Manager.csproj", "{F2D2AEA0-2B7C-4570-942E-1CBF4382E317}"
EndProject
Project("{FAE04EC0-301F-11D3-BF4B-00C04F79EFBC}") = "PhoneBook", "PhoneBook\PhoneBook.csproj", "{31362B50-A971-4D11-89A6-AB23CB414A43}"
EndProject
Project("{FAE04EC0-301F-11D3-BF4B-00C04F79EFBC}") = "Registration", "Registration\Registration.csproj", "{92C1F836-2FF9-430F-8455-5BE845D5531C}"
EndProject
Project("{FAE04EC0-301F-11D3-BF4B-00C04F79EFBC}") = "Order", "Order\Order.csproj", "{4DC534C2-D42E-41A4-8336-248E220FECD2}"
EndProject
Global
	GlobalSection(SolutionConfigurationPlatforms) = preSolution
		Debug|Any CPU = Debug|Any CPU
		Release|Any CPU = Release|Any CPU
	EndGlobalSection
	GlobalSection(ProjectConfigurationPlatforms) = postSolution
		{75A863F7-703C-406C-923B-DD9205E17A54}.Debug|Any CPU.ActiveCfg = Debug|Any CPU
		{75A863F7-703C-406C-923B-DD9205E17A54}.Debug|Any CPU.Build.0 = Debug|Any CPU
		{75A863F7-703C-406C-923B-DD9205E17A54}.Release|Any CPU.ActiveCfg = Release|Any CPU
		{75A863F7-703C-406C-923B-DD9205E17A54}.Release|Any CPU.Build.0 = Release|Any CPU
		{79C81982-B311-496F-ABA2-4753D7178729}.Debug|Any CPU.ActiveCfg = Debug|Any CPU
		{79C81982-B311-496F-ABA2-4753D7178729}.Debug|Any CPU.Build.0 = Debug|Any CPU
		{79C81982-B311-496F-ABA2-4753D7178729}.Release|Any CPU.ActiveCfg = Release|Any CPU
		{79C81982-B311-496F-ABA2-4753D7178729}.Release|Any CPU.Build.0 = Release|Any CPU
		{35EA5838-9638-4773-8316-4890A7924AFD}.Debug|Any CPU.ActiveCfg = Debug|Any CPU
		{35EA5838-9638-4773-8316-4890A7924AFD}.Debug|Any CPU.Build.0 = Debug|Any CPU
		{35EA5838-9638-4773-8316-4890A7924AFD}.Release|Any CPU.ActiveCfg = Release|Any CPU
		{35EA5838-9638-4773-8316-4890A7924AFD}.Release|Any CPU.Build.0 = Release|Any CPU
		{9FF41C3C-18EB-4BB0-9C47-C4F4E41F02F5}.Debug|Any CPU.ActiveCfg = Debug|Any CPU
		{9FF41C3C-18EB-4BB0-9C47-C4F4E41F02F5}.Debug|Any CPU.Build.0 = Debug|Any CPU
		{9FF41C3C-18EB-4BB0-9C47-C4F4E41F02F5}.Release|Any CPU.ActiveCfg = Release|Any CPU
		{9FF41C3C-18EB-4BB0-9C47-C4F4E41F02F5}.Release|Any CPU.Build.0 = Release|Any CPU
		{75681F52-A704-40D1-85E0-7A23CA67FFDC}.Debug|Any CPU.ActiveCfg = Debug|Any CPU
		{75681F52-A704-40D1-85E0-7A23CA67FFDC}.Debug|Any CPU.Build.0 = Debug|Any CPU
		{75681F52-A704-40D1-85E0-7A23CA67FFDC}.Release|Any CPU.ActiveCfg = Release|Any CPU
		{75681F52-A704-40D1-85E0-7A23CA67FFDC}.Release|Any CPU.Build.0 = Release|Any CPU
		{6AB66571-9769-4278-8F7D-838AFED1F754}.Debug|Any CPU.ActiveCfg = Debug|Any CPU
		{6AB66571-9769-4278-8F7D-838AFED1F754}.Debug|Any CPU.Build.0 = Debug|Any CPU
		{6AB66571-9769-4278-8F7D-838AFED1F754}.Release|Any CPU.ActiveCfg = Release|Any CPU
		{6AB66571-9769-4278-8F7D-838AFED1F754}.Release|Any CPU.Build.0 = Release|Any CPU
		{D4A535BF-C2AC-4EF8-912E-CEA933F71871}.Debug|Any CPU.ActiveCfg = Debug|Any CPU
		{D4A535BF-C2AC-4EF8-912E-CEA933F71871}.Debug|Any CPU.Build.0 = Debug|Any CPU
		{D4A535BF-C2AC-4EF8-912E-CEA933F71871}.Release|Any CPU.ActiveCfg = Release|Any CPU
		{D4A535BF-C2AC-4EF8-912E-CEA933F71871}.Release|Any CPU.Build.0 = Release|Any CPU
		{9B43A3DF-D73E-4E0B-BD0F-F3CEBE6149B5}.Debug|Any CPU.ActiveCfg = Debug|Any CPU
		{9B43A3DF-D73E-4E0B-BD0F-F3CEBE6149B5}.Debug|Any CPU.Build.0 = Debug|Any CPU
		{9B43A3DF-D73E-4E0B-BD0F-F3CEBE6149B5}.Release|Any CPU.ActiveCfg = Release|Any CPU
		{9B43A3DF-D73E-4E0B-BD0F-F3CEBE6149B5}.Release|Any CPU.Build.0 = Release|Any CPU
		{9185274E-D9E2-454E-9256-BCAEC0D06E0A}.Debug|Any CPU.ActiveCfg = Debug|Any CPU
		{9185274E-D9E2-454E-9256-BCAEC0D06E0A}.Debug|Any CPU.Build.0 = Debug|Any CPU
		{9185274E-D9E2-454E-9256-BCAEC0D06E0A}.Release|Any CPU.ActiveCfg = Release|Any CPU
		{9185274E-D9E2-454E-9256-BCAEC0D06E0A}.Release|Any CPU.Build.0 = Release|Any CPU
		{E429B8A7-6F3C-417A-BB0E-64784AF72C34}.Debug|Any CPU.ActiveCfg = Debug|Any CPU
		{E429B8A7-6F3C-417A-BB0E-64784AF72C34}.Debug|Any CPU.Build.0 = Debug|Any CPU
		{E429B8A7-6F3C-417A-BB0E-64784AF72C34}.Release|Any CPU.ActiveCfg = Release|Any CPU
		{E429B8A7-6F3C-417A-BB0E-64784AF72C34}.Release|Any CPU.Build.0 = Release|Any CPU
		{44C94DD8-1036-42E2-88AA-9348895686C2}.Debug|Any CPU.ActiveCfg = Debug|Any CPU
		{44C94DD8-1036-42E2-88AA-9348895686C2}.Debug|Any CPU.Build.0 = Debug|Any CPU
		{44C94DD8-1036-42E2-88AA-9348895686C2}.Release|Any CPU.ActiveCfg = Release|Any CPU
		{44C94DD8-1036-42E2-88AA-9348895686C2}.Release|Any CPU.Build.0 = Release|Any CPU
		{33AA3A9C-6D82-4612-93F8-306193254FAA}.Debug|Any CPU.ActiveCfg = Debug|Any CPU
		{33AA3A9C-6D82-4612-93F8-306193254FAA}.Debug|Any CPU.Build.0 = Debug|Any CPU
		{33AA3A9C-6D82-4612-93F8-306193254FAA}.Release|Any CPU.ActiveCfg = Release|Any CPU
		{33AA3A9C-6D82-4612-93F8-306193254FAA}.Release|Any CPU.Build.0 = Release|Any CPU
		{B37A17D2-F955-41BD-B5A4-3CDB9C42B215}.Debug|Any CPU.ActiveCfg = Debug|Any CPU
		{B37A17D2-F955-41BD-B5A4-3CDB9C42B215}.Debug|Any CPU.Build.0 = Debug|Any CPU
		{B37A17D2-F955-41BD-B5A4-3CDB9C42B215}.Release|Any CPU.ActiveCfg = Release|Any CPU
		{B37A17D2-F955-41BD-B5A4-3CDB9C42B215}.Release|Any CPU.Build.0 = Release|Any CPU
		{2F1B323A-C523-4BE0-95C9-F9A036FBFCF3}.Debug|Any CPU.ActiveCfg = Debug|Any CPU
		{2F1B323A-C523-4BE0-95C9-F9A036FBFCF3}.Debug|Any CPU.Build.0 = Debug|Any CPU
		{2F1B323A-C523-4BE0-95C9-F9A036FBFCF3}.Release|Any CPU.ActiveCfg = Release|Any CPU
		{2F1B323A-C523-4BE0-95C9-F9A036FBFCF3}.Release|Any CPU.Build.0 = Release|Any CPU
		{81CAEF68-9909-49BF-B7EE-057A51E0CF81}.Debug|Any CPU.ActiveCfg = Debug|Any CPU
		{81CAEF68-9909-49BF-B7EE-057A51E0CF81}.Debug|Any CPU.Build.0 = Debug|Any CPU
		{81CAEF68-9909-49BF-B7EE-057A51E0CF81}.Release|Any CPU.ActiveCfg = Release|Any CPU
		{81CAEF68-9909-49BF-B7EE-057A51E0CF81}.Release|Any CPU.Build.0 = Release|Any CPU
		{9266AC0C-F8E0-4C52-8088-D06A2A8184C5}.Debug|Any CPU.ActiveCfg = Debug|Any CPU
		{9266AC0C-F8E0-4C52-8088-D06A2A8184C5}.Debug|Any CPU.Build.0 = Debug|Any CPU
		{9266AC0C-F8E0-4C52-8088-D06A2A8184C5}.Release|Any CPU.ActiveCfg = Release|Any CPU
		{9266AC0C-F8E0-4C52-8088-D06A2A8184C5}.Release|Any CPU.Build.0 = Release|Any CPU
		{FE9232C8-BBBD-4C7A-A47F-8C370900B212}.Debug|Any CPU.ActiveCfg = Debug|Any CPU
		{FE9232C8-BBBD-4C7A-A47F-8C370900B212}.Debug|Any CPU.Build.0 = Debug|Any CPU
		{FE9232C8-BBBD-4C7A-A47F-8C370900B212}.Release|Any CPU.ActiveCfg = Release|Any CPU
		{FE9232C8-BBBD-4C7A-A47F-8C370900B212}.Release|Any CPU.Build.0 = Release|Any CPU
		{93319BD9-027C-4A1D-ACD7-1233733296CE}.Debug|Any CPU.ActiveCfg = Debug|Any CPU
		{93319BD9-027C-4A1D-ACD7-1233733296CE}.Debug|Any CPU.Build.0 = Debug|Any CPU
		{93319BD9-027C-4A1D-ACD7-1233733296CE}.Release|Any CPU.ActiveCfg = Release|Any CPU
		{93319BD9-027C-4A1D-ACD7-1233733296CE}.Release|Any CPU.Build.0 = Release|Any CPU
		{1821DA18-6304-4DE9-9A6D-2004A92FAF6A}.Debug|Any CPU.ActiveCfg = Debug|Any CPU
		{1821DA18-6304-4DE9-9A6D-2004A92FAF6A}.Debug|Any CPU.Build.0 = Debug|Any CPU
		{1821DA18-6304-4DE9-9A6D-2004A92FAF6A}.Release|Any CPU.ActiveCfg = Release|Any CPU
		{1821DA18-6304-4DE9-9A6D-2004A92FAF6A}.Release|Any CPU.Build.0 = Release|Any CPU
		{01116788-9867-4A44-A4D1-16DB0AC3E396}.Debug|Any CPU.ActiveCfg = Debug|Any CPU
		{01116788-9867-4A44-A4D1-16DB0AC3E396}.Debug|Any CPU.Build.0 = Debug|Any CPU
		{01116788-9867-4A44-A4D1-16DB0AC3E396}.Release|Any CPU.ActiveCfg = Release|Any CPU
		{01116788-9867-4A44-A4D1-16DB0AC3E396}.Release|Any CPU.Build.0 = Release|Any CPU
		{45A0EBC9-F412-49C9-9A1E-F87DDE0A4BBC}.Debug|Any CPU.ActiveCfg = Debug|Any CPU
		{45A0EBC9-F412-49C9-9A1E-F87DDE0A4BBC}.Debug|Any CPU.Build.0 = Debug|Any CPU
		{45A0EBC9-F412-49C9-9A1E-F87DDE0A4BBC}.Release|Any CPU.ActiveCfg = Release|Any CPU
		{45A0EBC9-F412-49C9-9A1E-F87DDE0A4BBC}.Release|Any CPU.Build.0 = Release|Any CPU
		{3B3B8CBC-B5E1-4B6D-A948-F0BD61CD4811}.Debug|Any CPU.ActiveCfg = Debug|Any CPU
		{3B3B8CBC-B5E1-4B6D-A948-F0BD61CD4811}.Debug|Any CPU.Build.0 = Debug|Any CPU
		{3B3B8CBC-B5E1-4B6D-A948-F0BD61CD4811}.Release|Any CPU.ActiveCfg = Release|Any CPU
		{3B3B8CBC-B5E1-4B6D-A948-F0BD61CD4811}.Release|Any CPU.Build.0 = Release|Any CPU
		{B5DC707F-9EE8-4B21-B03D-CF2915EB422E}.Debug|Any CPU.ActiveCfg = Debug|Any CPU
		{B5DC707F-9EE8-4B21-B03D-CF2915EB422E}.Debug|Any CPU.Build.0 = Debug|Any CPU
		{B5DC707F-9EE8-4B21-B03D-CF2915EB422E}.Release|Any CPU.ActiveCfg = Release|Any CPU
		{B5DC707F-9EE8-4B21-B03D-CF2915EB422E}.Release|Any CPU.Build.0 = Release|Any CPU
		{3204FC1D-1F20-4208-877F-FB85EB83CD1E}.Debug|Any CPU.ActiveCfg = Debug|Any CPU
		{3204FC1D-1F20-4208-877F-FB85EB83CD1E}.Debug|Any CPU.Build.0 = Debug|Any CPU
		{3204FC1D-1F20-4208-877F-FB85EB83CD1E}.Release|Any CPU.ActiveCfg = Release|Any CPU
		{3204FC1D-1F20-4208-877F-FB85EB83CD1E}.Release|Any CPU.Build.0 = Release|Any CPU
		{B197CE96-D7D5-44B0-ABB0-FDA1C2F7FEFF}.Debug|Any CPU.ActiveCfg = Debug|Any CPU
		{B197CE96-D7D5-44B0-ABB0-FDA1C2F7FEFF}.Debug|Any CPU.Build.0 = Debug|Any CPU
		{B197CE96-D7D5-44B0-ABB0-FDA1C2F7FEFF}.Release|Any CPU.ActiveCfg = Release|Any CPU
		{B197CE96-D7D5-44B0-ABB0-FDA1C2F7FEFF}.Release|Any CPU.Build.0 = Release|Any CPU
		{6890C8C6-508A-42C1-A9C8-DA305A74FEF8}.Debug|Any CPU.ActiveCfg = Debug|Any CPU
		{6890C8C6-508A-42C1-A9C8-DA305A74FEF8}.Debug|Any CPU.Build.0 = Debug|Any CPU
		{6890C8C6-508A-42C1-A9C8-DA305A74FEF8}.Release|Any CPU.ActiveCfg = Release|Any CPU
		{6890C8C6-508A-42C1-A9C8-DA305A74FEF8}.Release|Any CPU.Build.0 = Release|Any CPU
		{90859AAB-8DD7-4B7E-A952-F626019FFFB5}.Debug|Any CPU.ActiveCfg = Debug|Any CPU
		{90859AAB-8DD7-4B7E-A952-F626019FFFB5}.Debug|Any CPU.Build.0 = Debug|Any CPU
		{90859AAB-8DD7-4B7E-A952-F626019FFFB5}.Release|Any CPU.ActiveCfg = Release|Any CPU
		{90859AAB-8DD7-4B7E-A952-F626019FFFB5}.Release|Any CPU.Build.0 = Release|Any CPU
		{B9D17D39-F602-47BC-B661-EEEBA31A84F6}.Debug|Any CPU.ActiveCfg = Debug|Any CPU
		{B9D17D39-F602-47BC-B661-EEEBA31A84F6}.Debug|Any CPU.Build.0 = Debug|Any CPU
		{B9D17D39-F602-47BC-B661-EEEBA31A84F6}.Release|Any CPU.ActiveCfg = Release|Any CPU
		{B9D17D39-F602-47BC-B661-EEEBA31A84F6}.Release|Any CPU.Build.0 = Release|Any CPU
		{822E55A0-D15E-4FF0-BE2B-C26EBF3953EF}.Debug|Any CPU.ActiveCfg = Debug|Any CPU
		{822E55A0-D15E-4FF0-BE2B-C26EBF3953EF}.Debug|Any CPU.Build.0 = Debug|Any CPU
		{822E55A0-D15E-4FF0-BE2B-C26EBF3953EF}.Release|Any CPU.ActiveCfg = Release|Any CPU
		{822E55A0-D15E-4FF0-BE2B-C26EBF3953EF}.Release|Any CPU.Build.0 = Release|Any CPU
		{700B0D0F-6A48-4191-B4AA-1333664C80AF}.Debug|Any CPU.ActiveCfg = Debug|Any CPU
		{700B0D0F-6A48-4191-B4AA-1333664C80AF}.Debug|Any CPU.Build.0 = Debug|Any CPU
		{700B0D0F-6A48-4191-B4AA-1333664C80AF}.Release|Any CPU.ActiveCfg = Release|Any CPU
		{700B0D0F-6A48-4191-B4AA-1333664C80AF}.Release|Any CPU.Build.0 = Release|Any CPU
		{2A7B798F-4DE2-4B9C-AF2F-B3D9E2663BB7}.Debug|Any CPU.ActiveCfg = Debug|Any CPU
		{2A7B798F-4DE2-4B9C-AF2F-B3D9E2663BB7}.Debug|Any CPU.Build.0 = Debug|Any CPU
		{2A7B798F-4DE2-4B9C-AF2F-B3D9E2663BB7}.Release|Any CPU.ActiveCfg = Release|Any CPU
		{2A7B798F-4DE2-4B9C-AF2F-B3D9E2663BB7}.Release|Any CPU.Build.0 = Release|Any CPU
		{CD57FEAE-D7BD-406E-8473-BB6FC88EE0FC}.Debug|Any CPU.ActiveCfg = Debug|Any CPU
		{CD57FEAE-D7BD-406E-8473-BB6FC88EE0FC}.Debug|Any CPU.Build.0 = Debug|Any CPU
		{CD57FEAE-D7BD-406E-8473-BB6FC88EE0FC}.Release|Any CPU.ActiveCfg = Release|Any CPU
		{CD57FEAE-D7BD-406E-8473-BB6FC88EE0FC}.Release|Any CPU.Build.0 = Release|Any CPU
		{6C7D8C8E-E5A8-4F51-B99E-324AB2B88AE8}.Debug|Any CPU.ActiveCfg = Debug|Any CPU
		{6C7D8C8E-E5A8-4F51-B99E-324AB2B88AE8}.Debug|Any CPU.Build.0 = Debug|Any CPU
		{6C7D8C8E-E5A8-4F51-B99E-324AB2B88AE8}.Release|Any CPU.ActiveCfg = Release|Any CPU
		{6C7D8C8E-E5A8-4F51-B99E-324AB2B88AE8}.Release|Any CPU.Build.0 = Release|Any CPU
		{F36AC632-58CE-484E-896D-FA123559A231}.Debug|Any CPU.ActiveCfg = Debug|Any CPU
		{F36AC632-58CE-484E-896D-FA123559A231}.Debug|Any CPU.Build.0 = Debug|Any CPU
		{F36AC632-58CE-484E-896D-FA123559A231}.Release|Any CPU.ActiveCfg = Release|Any CPU
		{F36AC632-58CE-484E-896D-FA123559A231}.Release|Any CPU.Build.0 = Release|Any CPU
		{D81B2FED-AB98-4E6B-8AA0-9FC892C6D8C8}.Debug|Any CPU.ActiveCfg = Debug|Any CPU
		{D81B2FED-AB98-4E6B-8AA0-9FC892C6D8C8}.Debug|Any CPU.Build.0 = Debug|Any CPU
		{D81B2FED-AB98-4E6B-8AA0-9FC892C6D8C8}.Release|Any CPU.ActiveCfg = Release|Any CPU
		{D81B2FED-AB98-4E6B-8AA0-9FC892C6D8C8}.Release|Any CPU.Build.0 = Release|Any CPU
		{9B0B3BDE-43C6-412E-A533-04CFE82E6B73}.Debug|Any CPU.ActiveCfg = Debug|Any CPU
		{9B0B3BDE-43C6-412E-A533-04CFE82E6B73}.Debug|Any CPU.Build.0 = Debug|Any CPU
		{9B0B3BDE-43C6-412E-A533-04CFE82E6B73}.Release|Any CPU.ActiveCfg = Release|Any CPU
		{9B0B3BDE-43C6-412E-A533-04CFE82E6B73}.Release|Any CPU.Build.0 = Release|Any CPU
		{A8600C8D-0725-4536-855B-90E9A1C2F6D5}.Debug|Any CPU.ActiveCfg = Debug|Any CPU
		{A8600C8D-0725-4536-855B-90E9A1C2F6D5}.Debug|Any CPU.Build.0 = Debug|Any CPU
		{A8600C8D-0725-4536-855B-90E9A1C2F6D5}.Release|Any CPU.ActiveCfg = Release|Any CPU
		{A8600C8D-0725-4536-855B-90E9A1C2F6D5}.Release|Any CPU.Build.0 = Release|Any CPU
		{CE78EBEA-CE8B-4A58-AA7B-8CDE48218337}.Debug|Any CPU.ActiveCfg = Debug|Any CPU
		{CE78EBEA-CE8B-4A58-AA7B-8CDE48218337}.Debug|Any CPU.Build.0 = Debug|Any CPU
		{CE78EBEA-CE8B-4A58-AA7B-8CDE48218337}.Release|Any CPU.ActiveCfg = Release|Any CPU
		{CE78EBEA-CE8B-4A58-AA7B-8CDE48218337}.Release|Any CPU.Build.0 = Release|Any CPU
		{F8B9D969-6AC1-4AE5-85A6-C460AD50ECCB}.Debug|Any CPU.ActiveCfg = Debug|Any CPU
		{F8B9D969-6AC1-4AE5-85A6-C460AD50ECCB}.Debug|Any CPU.Build.0 = Debug|Any CPU
		{F8B9D969-6AC1-4AE5-85A6-C460AD50ECCB}.Release|Any CPU.ActiveCfg = Release|Any CPU
		{F8B9D969-6AC1-4AE5-85A6-C460AD50ECCB}.Release|Any CPU.Build.0 = Release|Any CPU
		{5AFF8A63-E2FF-468F-BC70-91998B3DF402}.Debug|Any CPU.ActiveCfg = Debug|Any CPU
		{5AFF8A63-E2FF-468F-BC70-91998B3DF402}.Debug|Any CPU.Build.0 = Debug|Any CPU
		{5AFF8A63-E2FF-468F-BC70-91998B3DF402}.Release|Any CPU.ActiveCfg = Release|Any CPU
		{5AFF8A63-E2FF-468F-BC70-91998B3DF402}.Release|Any CPU.Build.0 = Release|Any CPU
		{E0A5BFE9-EB8B-40AE-A479-D3013F6308B5}.Debug|Any CPU.ActiveCfg = Debug|Any CPU
		{E0A5BFE9-EB8B-40AE-A479-D3013F6308B5}.Debug|Any CPU.Build.0 = Debug|Any CPU
		{E0A5BFE9-EB8B-40AE-A479-D3013F6308B5}.Release|Any CPU.ActiveCfg = Release|Any CPU
		{E0A5BFE9-EB8B-40AE-A479-D3013F6308B5}.Release|Any CPU.Build.0 = Release|Any CPU
		{B34FBF1B-B4A2-4F36-B277-74CF370D3311}.Debug|Any CPU.ActiveCfg = Debug|Any CPU
		{B34FBF1B-B4A2-4F36-B277-74CF370D3311}.Debug|Any CPU.Build.0 = Debug|Any CPU
		{B34FBF1B-B4A2-4F36-B277-74CF370D3311}.Release|Any CPU.ActiveCfg = Release|Any CPU
		{B34FBF1B-B4A2-4F36-B277-74CF370D3311}.Release|Any CPU.Build.0 = Release|Any CPU
		{22E53740-00C9-4DD0-A9C7-31300EB23567}.Debug|Any CPU.ActiveCfg = Debug|Any CPU
		{22E53740-00C9-4DD0-A9C7-31300EB23567}.Debug|Any CPU.Build.0 = Debug|Any CPU
		{22E53740-00C9-4DD0-A9C7-31300EB23567}.Release|Any CPU.ActiveCfg = Release|Any CPU
		{22E53740-00C9-4DD0-A9C7-31300EB23567}.Release|Any CPU.Build.0 = Release|Any CPU
		{B132F4D1-4C4D-4FDF-B4E5-9868EB5E3D07}.Debug|Any CPU.ActiveCfg = Debug|Any CPU
		{B132F4D1-4C4D-4FDF-B4E5-9868EB5E3D07}.Debug|Any CPU.Build.0 = Debug|Any CPU
		{B132F4D1-4C4D-4FDF-B4E5-9868EB5E3D07}.Release|Any CPU.ActiveCfg = Release|Any CPU
		{B132F4D1-4C4D-4FDF-B4E5-9868EB5E3D07}.Release|Any CPU.Build.0 = Release|Any CPU
		{B0E734CC-8D34-4032-84B1-E86E6FE8596D}.Debug|Any CPU.ActiveCfg = Debug|Any CPU
		{B0E734CC-8D34-4032-84B1-E86E6FE8596D}.Debug|Any CPU.Build.0 = Debug|Any CPU
		{B0E734CC-8D34-4032-84B1-E86E6FE8596D}.Release|Any CPU.ActiveCfg = Release|Any CPU
		{B0E734CC-8D34-4032-84B1-E86E6FE8596D}.Release|Any CPU.Build.0 = Release|Any CPU
		{0EF072E8-05DE-4793-9AA4-F4C896934530}.Debug|Any CPU.ActiveCfg = Debug|Any CPU
		{0EF072E8-05DE-4793-9AA4-F4C896934530}.Debug|Any CPU.Build.0 = Debug|Any CPU
		{0EF072E8-05DE-4793-9AA4-F4C896934530}.Release|Any CPU.ActiveCfg = Release|Any CPU
		{0EF072E8-05DE-4793-9AA4-F4C896934530}.Release|Any CPU.Build.0 = Release|Any CPU
		{7C12850C-8513-48BE-87D1-A6B8D7646582}.Debug|Any CPU.ActiveCfg = Debug|Any CPU
		{7C12850C-8513-48BE-87D1-A6B8D7646582}.Debug|Any CPU.Build.0 = Debug|Any CPU
		{7C12850C-8513-48BE-87D1-A6B8D7646582}.Release|Any CPU.ActiveCfg = Release|Any CPU
		{7C12850C-8513-48BE-87D1-A6B8D7646582}.Release|Any CPU.Build.0 = Release|Any CPU
		{38253B8D-8790-4C53-80A0-551916D1507E}.Debug|Any CPU.ActiveCfg = Debug|Any CPU
		{38253B8D-8790-4C53-80A0-551916D1507E}.Debug|Any CPU.Build.0 = Debug|Any CPU
		{38253B8D-8790-4C53-80A0-551916D1507E}.Release|Any CPU.ActiveCfg = Release|Any CPU
		{38253B8D-8790-4C53-80A0-551916D1507E}.Release|Any CPU.Build.0 = Release|Any CPU
		{657B2605-B6DF-4296-8AD4-592765C9E4F0}.Debug|Any CPU.ActiveCfg = Debug|Any CPU
		{657B2605-B6DF-4296-8AD4-592765C9E4F0}.Debug|Any CPU.Build.0 = Debug|Any CPU
		{657B2605-B6DF-4296-8AD4-592765C9E4F0}.Release|Any CPU.ActiveCfg = Release|Any CPU
		{657B2605-B6DF-4296-8AD4-592765C9E4F0}.Release|Any CPU.Build.0 = Release|Any CPU
		{3B59DD66-C9CC-45A8-B4E2-46E2B499CD68}.Debug|Any CPU.ActiveCfg = Debug|Any CPU
		{3B59DD66-C9CC-45A8-B4E2-46E2B499CD68}.Debug|Any CPU.Build.0 = Debug|Any CPU
		{3B59DD66-C9CC-45A8-B4E2-46E2B499CD68}.Release|Any CPU.ActiveCfg = Release|Any CPU
		{3B59DD66-C9CC-45A8-B4E2-46E2B499CD68}.Release|Any CPU.Build.0 = Release|Any CPU
		{D587CFAF-8AB5-4950-87F9-345A6D9A7B24}.Debug|Any CPU.ActiveCfg = Debug|Any CPU
		{D587CFAF-8AB5-4950-87F9-345A6D9A7B24}.Debug|Any CPU.Build.0 = Debug|Any CPU
		{D587CFAF-8AB5-4950-87F9-345A6D9A7B24}.Release|Any CPU.ActiveCfg = Release|Any CPU
		{D587CFAF-8AB5-4950-87F9-345A6D9A7B24}.Release|Any CPU.Build.0 = Release|Any CPU
		{82D03666-ACFB-4293-8EDF-912670968A0C}.Debug|Any CPU.ActiveCfg = Debug|Any CPU
		{82D03666-ACFB-4293-8EDF-912670968A0C}.Debug|Any CPU.Build.0 = Debug|Any CPU
		{82D03666-ACFB-4293-8EDF-912670968A0C}.Release|Any CPU.ActiveCfg = Release|Any CPU
		{82D03666-ACFB-4293-8EDF-912670968A0C}.Release|Any CPU.Build.0 = Release|Any CPU
		{B0FB6A01-5C51-4169-80A0-7C58CD9A4CED}.Debug|Any CPU.ActiveCfg = Debug|Any CPU
		{B0FB6A01-5C51-4169-80A0-7C58CD9A4CED}.Debug|Any CPU.Build.0 = Debug|Any CPU
		{B0FB6A01-5C51-4169-80A0-7C58CD9A4CED}.Release|Any CPU.ActiveCfg = Release|Any CPU
		{B0FB6A01-5C51-4169-80A0-7C58CD9A4CED}.Release|Any CPU.Build.0 = Release|Any CPU
		{192B50E6-9A37-4B35-90B7-55F572F5A531}.Debug|Any CPU.ActiveCfg = Debug|Any CPU
		{192B50E6-9A37-4B35-90B7-55F572F5A531}.Debug|Any CPU.Build.0 = Debug|Any CPU
		{192B50E6-9A37-4B35-90B7-55F572F5A531}.Release|Any CPU.ActiveCfg = Release|Any CPU
		{192B50E6-9A37-4B35-90B7-55F572F5A531}.Release|Any CPU.Build.0 = Release|Any CPU
		{B3A86DA2-CDCC-4646-98AB-D686C2833617}.Debug|Any CPU.ActiveCfg = Debug|Any CPU
		{B3A86DA2-CDCC-4646-98AB-D686C2833617}.Debug|Any CPU.Build.0 = Debug|Any CPU
		{B3A86DA2-CDCC-4646-98AB-D686C2833617}.Release|Any CPU.ActiveCfg = Release|Any CPU
		{B3A86DA2-CDCC-4646-98AB-D686C2833617}.Release|Any CPU.Build.0 = Release|Any CPU
		{D5EADE2F-B7B4-40C5-8B5F-C5BA198962C5}.Debug|Any CPU.ActiveCfg = Debug|Any CPU
		{D5EADE2F-B7B4-40C5-8B5F-C5BA198962C5}.Debug|Any CPU.Build.0 = Debug|Any CPU
		{D5EADE2F-B7B4-40C5-8B5F-C5BA198962C5}.Release|Any CPU.ActiveCfg = Release|Any CPU
		{D5EADE2F-B7B4-40C5-8B5F-C5BA198962C5}.Release|Any CPU.Build.0 = Release|Any CPU
		{6AC931F9-7210-41E7-9ECC-1A9FBB49F8C1}.Debug|Any CPU.ActiveCfg = Debug|Any CPU
		{6AC931F9-7210-41E7-9ECC-1A9FBB49F8C1}.Debug|Any CPU.Build.0 = Debug|Any CPU
		{6AC931F9-7210-41E7-9ECC-1A9FBB49F8C1}.Release|Any CPU.ActiveCfg = Release|Any CPU
		{6AC931F9-7210-41E7-9ECC-1A9FBB49F8C1}.Release|Any CPU.Build.0 = Release|Any CPU
		{1048D7F3-E29E-4B54-A1E9-3E78BEFC2CEC}.Debug|Any CPU.ActiveCfg = Debug|Any CPU
		{1048D7F3-E29E-4B54-A1E9-3E78BEFC2CEC}.Debug|Any CPU.Build.0 = Debug|Any CPU
		{1048D7F3-E29E-4B54-A1E9-3E78BEFC2CEC}.Release|Any CPU.ActiveCfg = Release|Any CPU
		{1048D7F3-E29E-4B54-A1E9-3E78BEFC2CEC}.Release|Any CPU.Build.0 = Release|Any CPU
		{60365E90-B92B-49E0-BE53-E6D661BF40D7}.Debug|Any CPU.ActiveCfg = Debug|Any CPU
		{60365E90-B92B-49E0-BE53-E6D661BF40D7}.Debug|Any CPU.Build.0 = Debug|Any CPU
		{60365E90-B92B-49E0-BE53-E6D661BF40D7}.Release|Any CPU.ActiveCfg = Release|Any CPU
		{60365E90-B92B-49E0-BE53-E6D661BF40D7}.Release|Any CPU.Build.0 = Release|Any CPU
		{153106E0-A0F4-49B0-86F4-076EC447625E}.Debug|Any CPU.ActiveCfg = Debug|Any CPU
		{153106E0-A0F4-49B0-86F4-076EC447625E}.Debug|Any CPU.Build.0 = Debug|Any CPU
		{153106E0-A0F4-49B0-86F4-076EC447625E}.Release|Any CPU.ActiveCfg = Release|Any CPU
		{153106E0-A0F4-49B0-86F4-076EC447625E}.Release|Any CPU.Build.0 = Release|Any CPU
		{F2D2AEA0-2B7C-4570-942E-1CBF4382E317}.Debug|Any CPU.ActiveCfg = Debug|Any CPU
		{F2D2AEA0-2B7C-4570-942E-1CBF4382E317}.Debug|Any CPU.Build.0 = Debug|Any CPU
		{F2D2AEA0-2B7C-4570-942E-1CBF4382E317}.Release|Any CPU.ActiveCfg = Release|Any CPU
		{F2D2AEA0-2B7C-4570-942E-1CBF4382E317}.Release|Any CPU.Build.0 = Release|Any CPU
		{31362B50-A971-4D11-89A6-AB23CB414A43}.Debug|Any CPU.ActiveCfg = Debug|Any CPU
		{31362B50-A971-4D11-89A6-AB23CB414A43}.Debug|Any CPU.Build.0 = Debug|Any CPU
		{31362B50-A971-4D11-89A6-AB23CB414A43}.Release|Any CPU.ActiveCfg = Release|Any CPU
		{31362B50-A971-4D11-89A6-AB23CB414A43}.Release|Any CPU.Build.0 = Release|Any CPU
		{92C1F836-2FF9-430F-8455-5BE845D5531C}.Debug|Any CPU.ActiveCfg = Debug|Any CPU
		{92C1F836-2FF9-430F-8455-5BE845D5531C}.Debug|Any CPU.Build.0 = Debug|Any CPU
		{92C1F836-2FF9-430F-8455-5BE845D5531C}.Release|Any CPU.ActiveCfg = Release|Any CPU
		{92C1F836-2FF9-430F-8455-5BE845D5531C}.Release|Any CPU.Build.0 = Release|Any CPU
		{4DC534C2-D42E-41A4-8336-248E220FECD2}.Debug|Any CPU.ActiveCfg = Debug|Any CPU
		{4DC534C2-D42E-41A4-8336-248E220FECD2}.Debug|Any CPU.Build.0 = Debug|Any CPU
		{4DC534C2-D42E-41A4-8336-248E220FECD2}.Release|Any CPU.ActiveCfg = Release|Any CPU
		{4DC534C2-D42E-41A4-8336-248E220FECD2}.Release|Any CPU.Build.0 = Release|Any CPU
	EndGlobalSection
	GlobalSection(SolutionProperties) = preSolution
		HideSolutionNode = FALSE
	EndGlobalSection
	GlobalSection(ExtensibilityGlobals) = postSolution
		SolutionGuid = {5C2F79DA-A24B-49E7-B0FB-FDD490BF3ECB}
	EndGlobalSection
EndGlobal
